
Microsoft Visual Studio Solution File, Format Version 12.00
# Visual Studio Version 17
VisualStudioVersion = 17.9.34714.143
MinimumVisualStudioVersion = 10.0.40219.1
Project("{FAE04EC0-301F-11D3-BF4B-00C04F79EFBC}") = "API_Labb3", "API_Labb3.csproj", "{D29E8B66-D58A-4181-8156-0E320D389EFA}"
EndProject
Global
	GlobalSection(SolutionConfigurationPlatforms) = preSolution
		Debug|Any CPU = Debug|Any CPU
		Release|Any CPU = Release|Any CPU
	EndGlobalSection
	GlobalSection(ProjectConfigurationPlatforms) = postSolution
		{D29E8B66-D58A-4181-8156-0E320D389EFA}.Debug|Any CPU.ActiveCfg = Debug|Any CPU
		{D29E8B66-D58A-4181-8156-0E320D389EFA}.Debug|Any CPU.Build.0 = Debug|Any CPU
		{D29E8B66-D58A-4181-8156-0E320D389EFA}.Release|Any CPU.ActiveCfg = Release|Any CPU
		{D29E8B66-D58A-4181-8156-0E320D389EFA}.Release|Any CPU.Build.0 = Release|Any CPU
	EndGlobalSection
	GlobalSection(SolutionProperties) = preSolution
		HideSolutionNode = FALSE
	EndGlobalSection
	GlobalSection(ExtensibilityGlobals) = postSolution
		SolutionGuid = {485D12F9-F5BE-4A95-B77B-5D48AED1E2F5}
	EndGlobalSection
EndGlobal
